
Microsoft Visual Studio Solution File, Format Version 12.00
# Visual Studio 15
VisualStudioVersion = 15.0.28307.136
MinimumVisualStudioVersion = 10.0.40219.1
Project("{FAE04EC0-301F-11D3-BF4B-00C04F79EFBC}") = "12-CRUDPersonas-AJAX", "12-CRUDPersonas-AJAX\12-CRUDPersonas-AJAX.csproj", "{94BE114D-1377-4C2F-A072-84231C6A7940}"
EndProject
Global
	GlobalSection(SolutionConfigurationPlatforms) = preSolution
		Debug|Any CPU = Debug|Any CPU
		Release|Any CPU = Release|Any CPU
	EndGlobalSection
	GlobalSection(ProjectConfigurationPlatforms) = postSolution
		{94BE114D-1377-4C2F-A072-84231C6A7940}.Debug|Any CPU.ActiveCfg = Debug|Any CPU
		{94BE114D-1377-4C2F-A072-84231C6A7940}.Debug|Any CPU.Build.0 = Debug|Any CPU
		{94BE114D-1377-4C2F-A072-84231C6A7940}.Release|Any CPU.ActiveCfg = Release|Any CPU
		{94BE114D-1377-4C2F-A072-84231C6A7940}.Release|Any CPU.Build.0 = Release|Any CPU
	EndGlobalSection
	GlobalSection(SolutionProperties) = preSolution
		HideSolutionNode = FALSE
	EndGlobalSection
	GlobalSection(ExtensibilityGlobals) = postSolution
		SolutionGuid = {6D2E51A1-C73C-4865-ABBC-8B6F2B2204F3}
	EndGlobalSection
EndGlobal
