
Microsoft Visual Studio Solution File, Format Version 12.00
# Visual Studio 15
VisualStudioVersion = 15.0.28010.2046
MinimumVisualStudioVersion = 10.0.40219.1
Project("{FAE04EC0-301F-11D3-BF4B-00C04F79EFBC}") = "06-PrimeraVez-MVC", "06-PrimeraVez-MVC\06-PrimeraVez-MVC.csproj", "{278A3645-452D-4BEE-B9B4-49FB3B1C7643}"
EndProject
Global
	GlobalSection(SolutionConfigurationPlatforms) = preSolution
		Debug|Any CPU = Debug|Any CPU
		Release|Any CPU = Release|Any CPU
	EndGlobalSection
	GlobalSection(ProjectConfigurationPlatforms) = postSolution
		{278A3645-452D-4BEE-B9B4-49FB3B1C7643}.Debug|Any CPU.ActiveCfg = Debug|Any CPU
		{278A3645-452D-4BEE-B9B4-49FB3B1C7643}.Debug|Any CPU.Build.0 = Debug|Any CPU
		{278A3645-452D-4BEE-B9B4-49FB3B1C7643}.Release|Any CPU.ActiveCfg = Release|Any CPU
		{278A3645-452D-4BEE-B9B4-49FB3B1C7643}.Release|Any CPU.Build.0 = Release|Any CPU
	EndGlobalSection
	GlobalSection(SolutionProperties) = preSolution
		HideSolutionNode = FALSE
	EndGlobalSection
	GlobalSection(ExtensibilityGlobals) = postSolution
		SolutionGuid = {259E2A4A-A3C1-47AB-9603-5FE993FCAFD8}
	EndGlobalSection
EndGlobal
